
Microsoft Visual Studio Solution File, Format Version 12.00
# Visual Studio Version 16
VisualStudioVersion = 16.0.29709.97
MinimumVisualStudioVersion = 10.0.40219.1
Project("{FAE04EC0-301F-11D3-BF4B-00C04F79EFBC}") = "RegistroDetalle", "RegistroDetalle\RegistroDetalle.csproj", "{F6744ED6-8F30-4967-BFC3-D2C44AD534C3}"
EndProject
Global
	GlobalSection(SolutionConfigurationPlatforms) = preSolution
		Debug|Any CPU = Debug|Any CPU
		Release|Any CPU = Release|Any CPU
	EndGlobalSection
	GlobalSection(ProjectConfigurationPlatforms) = postSolution
		{F6744ED6-8F30-4967-BFC3-D2C44AD534C3}.Debug|Any CPU.ActiveCfg = Debug|Any CPU
		{F6744ED6-8F30-4967-BFC3-D2C44AD534C3}.Debug|Any CPU.Build.0 = Debug|Any CPU
		{F6744ED6-8F30-4967-BFC3-D2C44AD534C3}.Release|Any CPU.ActiveCfg = Release|Any CPU
		{F6744ED6-8F30-4967-BFC3-D2C44AD534C3}.Release|Any CPU.Build.0 = Release|Any CPU
	EndGlobalSection
	GlobalSection(SolutionProperties) = preSolution
		HideSolutionNode = FALSE
	EndGlobalSection
	GlobalSection(ExtensibilityGlobals) = postSolution
		SolutionGuid = {1721928D-B7C9-4A35-B8A6-3FC580A13C3F}
	EndGlobalSection
EndGlobal
